
Microsoft Visual Studio Solution File, Format Version 12.00
# Visual Studio 14
VisualStudioVersion = 14.0.25420.1
MinimumVisualStudioVersion = 10.0.40219.1
Project("{FAE04EC0-301F-11D3-BF4B-00C04F79EFBC}") = "Delegate_shipping_ex", "Delegate_shipping_ex.csproj", "{38B6FF60-CCFA-417C-9559-D0F28C24821F}"
EndProject
Project("{FAE04EC0-301F-11D3-BF4B-00C04F79EFBC}") = "BankBalance_ex", "..\BankBalance_ex\BankBalance_ex.csproj", "{A76CCBC6-454D-4801-A3D1-A4EDB9C705CF}"
EndProject
Global
	GlobalSection(SolutionConfigurationPlatforms) = preSolution
		Debug|Any CPU = Debug|Any CPU
		Release|Any CPU = Release|Any CPU
	EndGlobalSection
	GlobalSection(ProjectConfigurationPlatforms) = postSolution
		{38B6FF60-CCFA-417C-9559-D0F28C24821F}.Debug|Any CPU.ActiveCfg = Debug|Any CPU
		{38B6FF60-CCFA-417C-9559-D0F28C24821F}.Debug|Any CPU.Build.0 = Debug|Any CPU
		{38B6FF60-CCFA-417C-9559-D0F28C24821F}.Release|Any CPU.ActiveCfg = Release|Any CPU
		{38B6FF60-CCFA-417C-9559-D0F28C24821F}.Release|Any CPU.Build.0 = Release|Any CPU
		{A76CCBC6-454D-4801-A3D1-A4EDB9C705CF}.Debug|Any CPU.ActiveCfg = Debug|Any CPU
		{A76CCBC6-454D-4801-A3D1-A4EDB9C705CF}.Debug|Any CPU.Build.0 = Debug|Any CPU
		{A76CCBC6-454D-4801-A3D1-A4EDB9C705CF}.Release|Any CPU.ActiveCfg = Release|Any CPU
		{A76CCBC6-454D-4801-A3D1-A4EDB9C705CF}.Release|Any CPU.Build.0 = Release|Any CPU
	EndGlobalSection
	GlobalSection(SolutionProperties) = preSolution
		HideSolutionNode = FALSE
	EndGlobalSection
EndGlobal
